<?xml version="1.0" encoding="utf-8"?>
<Project ToolsVersion="4.0" xmlns="http://schemas.microsoft.com/developer/msbuild/2003">
  <ItemGroup>
    <Filter Include="Source Files">
      <UniqueIdentifier>{4FC737F1-C7A5-4376-A066-2A32D752A2FF}</UniqueIdentifier>
      <Extensions>cpp;c;cc;cxx;c++;cppm;ixx;def;odl;idl;hpj;bat;asm;asmx</Extensions>
    </Filter>
    <Filter Include="Header Files">
      <UniqueIdentifier>{93995380-89BD-4b04-88EB-625FBE52EBFB}</UniqueIdentifier>
      <Extensions>h;hh;hpp;hxx;h++;hm;inl;inc;ipp;xsd</Extensions>
    </Filter>
    <Filter Include="Resource Files">
      <UniqueIdentifier>{67DA6AB6-F800-4c08-8B7A-83BB121AAD01}</UniqueIdentifier>
      <Extensions>rc;ico;cur;bmp;dlg;rc2;rct;bin;rgs;gif;jpg;jpeg;jpe;resx;tiff;tif;png;wav;mfcribbon-ms</Extensions>
    </Filter>
  </ItemGroup>
  <ItemGroup>
    <ClInclude Include="SHV\enums.h">
      <Filter>Header Files</Filter>
    </ClInclude>
    <ClInclude Include="SHV\main.h">
      <Filter>Header Files</Filter>
    </ClInclude>
    <ClInclude Include="SHV\nativeCaller.h">
      <Filter>Header Files</Filter>
    </ClInclude>
    <ClInclude Include="SHV\natives.h">
      <Filter>Header Files</Filter>
    </ClInclude>
    <ClInclude Include="SHV\OGnatives.h">
      <Filter>Header Files</Filter>
    </ClInclude>
    <ClInclude Include="SHV\types.h">
      <Filter>Header Files</Filter>
    </ClInclude>
    <ClInclude Include="Objects\Ped.h">
      <Filter>Header Files</Filter>
    </ClInclude>
    <ClInclude Include="Objects\Vehicle.h">
      <Filter>Header Files</Filter>
    </ClInclude>
    <ClInclude Include="Objects\baseEntity.h">
      <Filter>Header Files</Filter>
    </ClInclude>
    <ClInclude Include="streaming\ModelLoad.h">
      <Filter>Header Files</Filter>
    </ClInclude>
    <ClInclude Include="Application.h">
      <Filter>Header Files</Filter>
    </ClInclude>
    <ClInclude Include="Handlers.h">
      <Filter>Header Files</Filter>
    </ClInclude>
    <ClInclude Include="CGame.h">
      <Filter>Header Files</Filter>
    </ClInclude>
    <ClInclude Include="World\Water.h">
      <Filter>Header Files</Filter>
    </ClInclude>
    <ClInclude Include="Hud\Obj\Rect.h">
      <Filter>Header Files</Filter>
    </ClInclude>
    <ClInclude Include="Hud\HudHandler.h">
      <Filter>Header Files</Filter>
    </ClInclude>
    <ClInclude Include="Hud\Obj\HudDrawable.h">
      <Filter>Header Files</Filter>
    </ClInclude>
    <ClInclude Include="Hud\Obj\CText.h">
      <Filter>Header Files</Filter>
    </ClInclude>
    <ClInclude Include="Hud\Obj\Scaleform.h">
      <Filter>Header Files</Filter>
    </ClInclude>
    <ClInclude Include="GameScripts.h">
      <Filter>Header Files</Filter>
    </ClInclude>
    <ClInclude Include="Objects\Headshots.h">
      <Filter>Header Files</Filter>
    </ClInclude>
    <ClInclude Include="Cheats\CheatMgr.h">
      <Filter>Header Files</Filter>
    </ClInclude>
    <ClInclude Include="Mission\Missions.h">
      <Filter>Header Files</Filter>
    </ClInclude>
    <ClInclude Include="Mission\MissionHandler.h">
      <Filter>Header Files</Filter>
    </ClInclude>
    <ClInclude Include="Hud\HudComponents.h">
      <Filter>Header Files</Filter>
    </ClInclude>
    <ClInclude Include="World\World.h">
      <Filter>Header Files</Filter>
    </ClInclude>
    <ClInclude Include="World\WorldState.h">
      <Filter>Header Files</Filter>
    </ClInclude>
    <ClInclude Include="World\Ambience\Timecycle.h">
      <Filter>Header Files</Filter>
    </ClInclude>
    <ClInclude Include="World\Ambience\Time.h">
      <Filter>Header Files</Filter>
    </ClInclude>
    <ClInclude Include="World\Ambience\GameAmbience.h">
      <Filter>Header Files</Filter>
    </ClInclude>
    <ClInclude Include="World\Ambience\Weather.h">
      <Filter>Header Files</Filter>
    </ClInclude>
    <ClInclude Include="ScriptEnv\ScriptProc.h">
      <Filter>Header Files</Filter>
    </ClInclude>
    <ClInclude Include="ScriptEnv\Script.h">
      <Filter>Header Files</Filter>
    </ClInclude>
    <ClInclude Include="streaming\IPL.h">
      <Filter>Header Files</Filter>
    </ClInclude>
    <ClInclude Include="streaming\streamingMgr.h">
      <Filter>Header Files</Filter>
    </ClInclude>
    <ClInclude Include="streaming\InteriorSet.h">
      <Filter>Header Files</Filter>
    </ClInclude>
    <ClInclude Include="streaming\Model.h">
      <Filter>Header Files</Filter>
    </ClInclude>
  </ItemGroup>
  <ItemGroup>
    <ClCompile Include="Objects\Ped.cpp">
      <Filter>Source Files</Filter>
    </ClCompile>
    <ClCompile Include="Objects\baseEntity.cpp">
      <Filter>Source Files</Filter>
    </ClCompile>
    <ClCompile Include="Handlers.cpp">
      <Filter>Source Files</Filter>
    </ClCompile>
    <ClCompile Include="Objects\Vehicle.cpp">
      <Filter>Source Files</Filter>
    </ClCompile>
    <ClCompile Include="CGame.cpp">
      <Filter>Source Files</Filter>
    </ClCompile>
    <ClCompile Include="World\Water.cpp">
      <Filter>Source Files</Filter>
    </ClCompile>
    <ClCompile Include="Hud\Obj\Rect.cpp">
      <Filter>Source Files</Filter>
    </ClCompile>
    <ClCompile Include="Hud\HudHandler.cpp">
      <Filter>Source Files</Filter>
    </ClCompile>
    <ClCompile Include="Hud\Obj\CText.cpp">
      <Filter>Source Files</Filter>
    </ClCompile>
    <ClCompile Include="Hud\Obj\Scaleform.cpp">
      <Filter>Source Files</Filter>
    </ClCompile>
    <ClCompile Include="GameScripts.cpp">
      <Filter>Source Files</Filter>
    </ClCompile>
    <ClCompile Include="Objects\Headshots.cpp">
      <Filter>Source Files</Filter>
    </ClCompile>
    <ClCompile Include="Cheats\CheatMgr.cpp">
      <Filter>Source Files</Filter>
    </ClCompile>
    <ClCompile Include="Mission\MissionHandler.cpp">
      <Filter>Source Files</Filter>
    </ClCompile>
    <ClCompile Include="Hud\HudComponents.cpp">
      <Filter>Source Files</Filter>
    </ClCompile>
    <ClCompile Include="World\World.cpp">
      <Filter>Source Files</Filter>
    </ClCompile>
    <ClCompile Include="World\WorldState.cpp">
      <Filter>Source Files</Filter>
    </ClCompile>
    <ClCompile Include="World\Ambience\Timecycle.cpp">
      <Filter>Source Files</Filter>
    </ClCompile>
    <ClCompile Include="World\Ambience\Time.cpp">
      <Filter>Source Files</Filter>
    </ClCompile>
    <ClCompile Include="World\Ambience\Weather.cpp">
      <Filter>Source Files</Filter>
    </ClCompile>
    <ClCompile Include="World\Ambience\GameAmbience.cpp">
      <Filter>Source Files</Filter>
    </ClCompile>
    <ClCompile Include="ScriptEnv\ScriptProc.cpp">
      <Filter>Source Files</Filter>
    </ClCompile>
    <ClCompile Include="ScriptEnv\Script.cpp">
      <Filter>Source Files</Filter>
    </ClCompile>
    <ClCompile Include="streaming\IPL.cpp">
      <Filter>Source Files</Filter>
    </ClCompile>
    <ClCompile Include="streaming\InteriorSet.cpp">
      <Filter>Source Files</Filter>
    </ClCompile>
    <ClCompile Include="streaming\Model.cpp">
      <Filter>Source Files</Filter>
    </ClCompile>
  </ItemGroup>
</Project>